schema: '2.0'
stages:
  prepare:
    cmd: python src/prepare.py dataset/movies.csv dataset/finantials.csv dataset/opening_gross.c
    deps:
    - path: dataset/finantials.csv
      hash: md5
      md5: 4a265d63db921dcca137b881e47eab6d
      size: 593277
    - path: dataset/movies.csv
      hash: md5
      md5: ef7f7a00938d3a84263d9be5bcfe55b2
      size: 320474
    - path: dataset/opening_gross.csv
      hash: md5
      md5: c80667fa6a25f50f44e2e3d8b351ff3f
      size: 79949
    - path: src/prepare.py
      hash: md5
      md5: 9325ab318041933f8d9e3472572d3136
      size: 1721
    outs:
    - path: dataset/data_wordwide_gross.csv
      hash: md5
      md5: 318321c8b2dc9d75eeb08b5c05590d89
      size: 337676
    - path: dataset/full_data.csv
      hash: md5
      md5: a3a53353ae95048fbef7a7d638430e64
      size: 157791
  training:
    cmd: python src/train.py dataset/full_data.csv
    deps:
    - path: dataset/full_data.csv
      hash: md5
      md5: a3a53353ae95048fbef7a7d638430e64
      size: 157791
    - path: src/train.py
      hash: md5
      md5: 99c03ab7220a460184dd6f9cc58bc74f
      size: 2348
    outs:
    - path: model/model.pkl
      hash: md5
      md5: d1b6d518b1a7c2e8cf930bde4d6ba815
      size: 267346
    - path: prediction_behaviour.png
      hash: md5
      md5: 54e2b768b5602f7ae3cef58730827887
      size: 64736
    - path: report.txt
      hash: md5
      md5: d36b004beb16ef32ce343a7d8c2bcab0
      size: 234
